
Microsoft Visual Studio Solution File, Format Version 12.00
# Visual Studio Version 17
VisualStudioVersion = 17.9.34616.47
MinimumVisualStudioVersion = 10.0.40219.1
Project("{FAE04EC0-301F-11D3-BF4B-00C04F79EFBC}") = "ToDoApp", "ToDoApp\ToDoApp.csproj", "{6E1D836A-1B7A-4B56-8394-B292C6152388}"
EndProject
Project("{FAE04EC0-301F-11D3-BF4B-00C04F79EFBC}") = "ToDoApp.Data", "ToDoApp.Data\ToDoApp.Data.csproj", "{4177E1F2-3C70-4973-8A4B-967286F90290}"
EndProject
Global
	GlobalSection(SolutionConfigurationPlatforms) = preSolution
		Debug|Any CPU = Debug|Any CPU
		Release|Any CPU = Release|Any CPU
	EndGlobalSection
	GlobalSection(ProjectConfigurationPlatforms) = postSolution
		{6E1D836A-1B7A-4B56-8394-B292C6152388}.Debug|Any CPU.ActiveCfg = Debug|Any CPU
		{6E1D836A-1B7A-4B56-8394-B292C6152388}.Debug|Any CPU.Build.0 = Debug|Any CPU
		{6E1D836A-1B7A-4B56-8394-B292C6152388}.Release|Any CPU.ActiveCfg = Release|Any CPU
		{6E1D836A-1B7A-4B56-8394-B292C6152388}.Release|Any CPU.Build.0 = Release|Any CPU
		{4177E1F2-3C70-4973-8A4B-967286F90290}.Debug|Any CPU.ActiveCfg = Debug|Any CPU
		{4177E1F2-3C70-4973-8A4B-967286F90290}.Debug|Any CPU.Build.0 = Debug|Any CPU
		{4177E1F2-3C70-4973-8A4B-967286F90290}.Release|Any CPU.ActiveCfg = Release|Any CPU
		{4177E1F2-3C70-4973-8A4B-967286F90290}.Release|Any CPU.Build.0 = Release|Any CPU
	EndGlobalSection
	GlobalSection(SolutionProperties) = preSolution
		HideSolutionNode = FALSE
	EndGlobalSection
	GlobalSection(ExtensibilityGlobals) = postSolution
		SolutionGuid = {49F2BCEF-09B8-42A0-A8A8-261864FB5A92}
	EndGlobalSection
EndGlobal
